
Microsoft Visual Studio Solution File, Format Version 12.00
# Visual Studio Version 16
VisualStudioVersion = 16.0.30717.126
MinimumVisualStudioVersion = 10.0.40219.1
Project("{FAE04EC0-301F-11D3-BF4B-00C04F79EFBC}") = "ServerConfigRest_098_Nashrul", "ServerConfigRest_098_Nashrul\ServerConfigRest_098_Nashrul.csproj", "{3F014520-E9B4-4650-951C-AA3420DEFAEE}"
EndProject
Global
	GlobalSection(SolutionConfigurationPlatforms) = preSolution
		Debug|Any CPU = Debug|Any CPU
		Release|Any CPU = Release|Any CPU
	EndGlobalSection
	GlobalSection(ProjectConfigurationPlatforms) = postSolution
		{3F014520-E9B4-4650-951C-AA3420DEFAEE}.Debug|Any CPU.ActiveCfg = Debug|Any CPU
		{3F014520-E9B4-4650-951C-AA3420DEFAEE}.Debug|Any CPU.Build.0 = Debug|Any CPU
		{3F014520-E9B4-4650-951C-AA3420DEFAEE}.Release|Any CPU.ActiveCfg = Release|Any CPU
		{3F014520-E9B4-4650-951C-AA3420DEFAEE}.Release|Any CPU.Build.0 = Release|Any CPU
	EndGlobalSection
	GlobalSection(SolutionProperties) = preSolution
		HideSolutionNode = FALSE
	EndGlobalSection
	GlobalSection(ExtensibilityGlobals) = postSolution
		SolutionGuid = {1BC006E6-D5B8-4115-8EAD-7FE5205D8ED9}
	EndGlobalSection
EndGlobal
